
Microsoft Visual Studio Solution File, Format Version 12.00
# Visual Studio 15
VisualStudioVersion = 15.0.28010.2026
MinimumVisualStudioVersion = 10.0.40219.1
Project("{FAE04EC0-301F-11D3-BF4B-00C04F79EFBC}") = "HelloWorld.Android", "HelloWorld\HelloWorld.Android\HelloWorld.Android.csproj", "{FF766619-B9F8-4BD4-8BF5-6BB5341F59BE}"
EndProject
Project("{FAE04EC0-301F-11D3-BF4B-00C04F79EFBC}") = "HelloWorld.iOS", "HelloWorld\HelloWorld.iOS\HelloWorld.iOS.csproj", "{C6C99574-6408-46D6-A994-A30C12504363}"
EndProject
Project("{FAE04EC0-301F-11D3-BF4B-00C04F79EFBC}") = "HelloWorld.UWP", "HelloWorld\HelloWorld.UWP\HelloWorld.UWP.csproj", "{0D089B8C-3242-48A0-95C8-5D813BB5DB33}"
EndProject
Project("{FAE04EC0-301F-11D3-BF4B-00C04F79EFBC}") = "HelloWorld", "HelloWorld\HelloWorld\HelloWorld.csproj", "{4B7D3F33-1F46-4F65-A80F-8D04853C58FC}"
EndProject
Global
	GlobalSection(SolutionConfigurationPlatforms) = preSolution
		Ad-Hoc|Any CPU = Ad-Hoc|Any CPU
		Ad-Hoc|ARM = Ad-Hoc|ARM
		Ad-Hoc|iPhone = Ad-Hoc|iPhone
		Ad-Hoc|iPhoneSimulator = Ad-Hoc|iPhoneSimulator
		Ad-Hoc|x64 = Ad-Hoc|x64
		Ad-Hoc|x86 = Ad-Hoc|x86
		AppStore|Any CPU = AppStore|Any CPU
		AppStore|ARM = AppStore|ARM
		AppStore|iPhone = AppStore|iPhone
		AppStore|iPhoneSimulator = AppStore|iPhoneSimulator
		AppStore|x64 = AppStore|x64
		AppStore|x86 = AppStore|x86
		Debug|Any CPU = Debug|Any CPU
		Debug|ARM = Debug|ARM
		Debug|iPhone = Debug|iPhone
		Debug|iPhoneSimulator = Debug|iPhoneSimulator
		Debug|x64 = Debug|x64
		Debug|x86 = Debug|x86
		Release|Any CPU = Release|Any CPU
		Release|ARM = Release|ARM
		Release|iPhone = Release|iPhone
		Release|iPhoneSimulator = Release|iPhoneSimulator
		Release|x64 = Release|x64
		Release|x86 = Release|x86
	EndGlobalSection
	GlobalSection(ProjectConfigurationPlatforms) = postSolution
		{FF766619-B9F8-4BD4-8BF5-6BB5341F59BE}.Ad-Hoc|Any CPU.ActiveCfg = Release|Any CPU
		{FF766619-B9F8-4BD4-8BF5-6BB5341F59BE}.Ad-Hoc|Any CPU.Build.0 = Release|Any CPU
		{FF766619-B9F8-4BD4-8BF5-6BB5341F59BE}.Ad-Hoc|Any CPU.Deploy.0 = Release|Any CPU
		{FF766619-B9F8-4BD4-8BF5-6BB5341F59BE}.Ad-Hoc|ARM.ActiveCfg = Release|Any CPU
		{FF766619-B9F8-4BD4-8BF5-6BB5341F59BE}.Ad-Hoc|ARM.Build.0 = Release|Any CPU
		{FF766619-B9F8-4BD4-8BF5-6BB5341F59BE}.Ad-Hoc|ARM.Deploy.0 = Release|Any CPU
		{FF766619-B9F8-4BD4-8BF5-6BB5341F59BE}.Ad-Hoc|iPhone.ActiveCfg = Release|Any CPU
		{FF766619-B9F8-4BD4-8BF5-6BB5341F59BE}.Ad-Hoc|iPhone.Build.0 = Release|Any CPU
		{FF766619-B9F8-4BD4-8BF5-6BB5341F59BE}.Ad-Hoc|iPhone.Deploy.0 = Release|Any CPU
		{FF766619-B9F8-4BD4-8BF5-6BB5341F59BE}.Ad-Hoc|iPhoneSimulator.ActiveCfg = Release|Any CPU
		{FF766619-B9F8-4BD4-8BF5-6BB5341F59BE}.Ad-Hoc|iPhoneSimulator.Build.0 = Release|Any CPU
		{FF766619-B9F8-4BD4-8BF5-6BB5341F59BE}.Ad-Hoc|iPhoneSimulator.Deploy.0 = Release|Any CPU
		{FF766619-B9F8-4BD4-8BF5-6BB5341F59BE}.Ad-Hoc|x64.ActiveCfg = Release|Any CPU
		{FF766619-B9F8-4BD4-8BF5-6BB5341F59BE}.Ad-Hoc|x64.Build.0 = Release|Any CPU
		{FF766619-B9F8-4BD4-8BF5-6BB5341F59BE}.Ad-Hoc|x64.Deploy.0 = Release|Any CPU
		{FF766619-B9F8-4BD4-8BF5-6BB5341F59BE}.Ad-Hoc|x86.ActiveCfg = Release|Any CPU
		{FF766619-B9F8-4BD4-8BF5-6BB5341F59BE}.Ad-Hoc|x86.Build.0 = Release|Any CPU
		{FF766619-B9F8-4BD4-8BF5-6BB5341F59BE}.Ad-Hoc|x86.Deploy.0 = Release|Any CPU
		{FF766619-B9F8-4BD4-8BF5-6BB5341F59BE}.AppStore|Any CPU.ActiveCfg = Release|Any CPU
		{FF766619-B9F8-4BD4-8BF5-6BB5341F59BE}.AppStore|Any CPU.Build.0 = Release|Any CPU
		{FF766619-B9F8-4BD4-8BF5-6BB5341F59BE}.AppStore|Any CPU.Deploy.0 = Release|Any CPU
		{FF766619-B9F8-4BD4-8BF5-6BB5341F59BE}.AppStore|ARM.ActiveCfg = Release|Any CPU
		{FF766619-B9F8-4BD4-8BF5-6BB5341F59BE}.AppStore|ARM.Build.0 = Release|Any CPU
		{FF766619-B9F8-4BD4-8BF5-6BB5341F59BE}.AppStore|ARM.Deploy.0 = Release|Any CPU
		{FF766619-B9F8-4BD4-8BF5-6BB5341F59BE}.AppStore|iPhone.ActiveCfg = Release|Any CPU
		{FF766619-B9F8-4BD4-8BF5-6BB5341F59BE}.AppStore|iPhone.Build.0 = Release|Any CPU
		{FF766619-B9F8-4BD4-8BF5-6BB5341F59BE}.AppStore|iPhone.Deploy.0 = Release|Any CPU
		{FF766619-B9F8-4BD4-8BF5-6BB5341F59BE}.AppStore|iPhoneSimulator.ActiveCfg = Release|Any CPU
		{FF766619-B9F8-4BD4-8BF5-6BB5341F59BE}.AppStore|iPhoneSimulator.Build.0 = Release|Any CPU
		{FF766619-B9F8-4BD4-8BF5-6BB5341F59BE}.AppStore|iPhoneSimulator.Deploy.0 = Release|Any CPU
		{FF766619-B9F8-4BD4-8BF5-6BB5341F59BE}.AppStore|x64.ActiveCfg = Release|Any CPU
		{FF766619-B9F8-4BD4-8BF5-6BB5341F59BE}.AppStore|x64.Build.0 = Release|Any CPU
		{FF766619-B9F8-4BD4-8BF5-6BB5341F59BE}.AppStore|x64.Deploy.0 = Release|Any CPU
		{FF766619-B9F8-4BD4-8BF5-6BB5341F59BE}.AppStore|x86.ActiveCfg = Release|Any CPU
		{FF766619-B9F8-4BD4-8BF5-6BB5341F59BE}.AppStore|x86.Build.0 = Release|Any CPU
		{FF766619-B9F8-4BD4-8BF5-6BB5341F59BE}.AppStore|x86.Deploy.0 = Release|Any CPU
		{FF766619-B9F8-4BD4-8BF5-6BB5341F59BE}.Debug|Any CPU.ActiveCfg = Debug|Any CPU
		{FF766619-B9F8-4BD4-8BF5-6BB5341F59BE}.Debug|Any CPU.Build.0 = Debug|Any CPU
		{FF766619-B9F8-4BD4-8BF5-6BB5341F59BE}.Debug|Any CPU.Deploy.0 = Debug|Any CPU
		{FF766619-B9F8-4BD4-8BF5-6BB5341F59BE}.Debug|ARM.ActiveCfg = Debug|Any CPU
		{FF766619-B9F8-4BD4-8BF5-6BB5341F59BE}.Debug|ARM.Build.0 = Debug|Any CPU
		{FF766619-B9F8-4BD4-8BF5-6BB5341F59BE}.Debug|ARM.Deploy.0 = Debug|Any CPU
		{FF766619-B9F8-4BD4-8BF5-6BB5341F59BE}.Debug|iPhone.ActiveCfg = Debug|Any CPU
		{FF766619-B9F8-4BD4-8BF5-6BB5341F59BE}.Debug|iPhone.Build.0 = Debug|Any CPU
		{FF766619-B9F8-4BD4-8BF5-6BB5341F59BE}.Debug|iPhone.Deploy.0 = Debug|Any CPU
		{FF766619-B9F8-4BD4-8BF5-6BB5341F59BE}.Debug|iPhoneSimulator.ActiveCfg = Debug|Any CPU
		{FF766619-B9F8-4BD4-8BF5-6BB5341F59BE}.Debug|iPhoneSimulator.Build.0 = Debug|Any CPU
		{FF766619-B9F8-4BD4-8BF5-6BB5341F59BE}.Debug|iPhoneSimulator.Deploy.0 = Debug|Any CPU
		{FF766619-B9F8-4BD4-8BF5-6BB5341F59BE}.Debug|x64.ActiveCfg = Debug|Any CPU
		{FF766619-B9F8-4BD4-8BF5-6BB5341F59BE}.Debug|x64.Build.0 = Debug|Any CPU
		{FF766619-B9F8-4BD4-8BF5-6BB5341F59BE}.Debug|x64.Deploy.0 = Debug|Any CPU
		{FF766619-B9F8-4BD4-8BF5-6BB5341F59BE}.Debug|x86.ActiveCfg = Debug|Any CPU
		{FF766619-B9F8-4BD4-8BF5-6BB5341F59BE}.Debug|x86.Build.0 = Debug|Any CPU
		{FF766619-B9F8-4BD4-8BF5-6BB5341F59BE}.Debug|x86.Deploy.0 = Debug|Any CPU
		{FF766619-B9F8-4BD4-8BF5-6BB5341F59BE}.Release|Any CPU.ActiveCfg = Release|Any CPU
		{FF766619-B9F8-4BD4-8BF5-6BB5341F59BE}.Release|Any CPU.Build.0 = Release|Any CPU
		{FF766619-B9F8-4BD4-8BF5-6BB5341F59BE}.Release|Any CPU.Deploy.0 = Release|Any CPU
		{FF766619-B9F8-4BD4-8BF5-6BB5341F59BE}.Release|ARM.ActiveCfg = Release|Any CPU
		{FF766619-B9F8-4BD4-8BF5-6BB5341F59BE}.Release|ARM.Build.0 = Release|Any CPU
		{FF766619-B9F8-4BD4-8BF5-6BB5341F59BE}.Release|ARM.Deploy.0 = Release|Any CPU
		{FF766619-B9F8-4BD4-8BF5-6BB5341F59BE}.Release|iPhone.ActiveCfg = Release|Any CPU
		{FF766619-B9F8-4BD4-8BF5-6BB5341F59BE}.Release|iPhone.Build.0 = Release|Any CPU
		{FF766619-B9F8-4BD4-8BF5-6BB5341F59BE}.Release|iPhone.Deploy.0 = Release|Any CPU
		{FF766619-B9F8-4BD4-8BF5-6BB5341F59BE}.Release|iPhoneSimulator.ActiveCfg = Release|Any CPU
		{FF766619-B9F8-4BD4-8BF5-6BB5341F59BE}.Release|iPhoneSimulator.Build.0 = Release|Any CPU
		{FF766619-B9F8-4BD4-8BF5-6BB5341F59BE}.Release|iPhoneSimulator.Deploy.0 = Release|Any CPU
		{FF766619-B9F8-4BD4-8BF5-6BB5341F59BE}.Release|x64.ActiveCfg = Release|Any CPU
		{FF766619-B9F8-4BD4-8BF5-6BB5341F59BE}.Release|x64.Build.0 = Release|Any CPU
		{FF766619-B9F8-4BD4-8BF5-6BB5341F59BE}.Release|x64.Deploy.0 = Release|Any CPU
		{FF766619-B9F8-4BD4-8BF5-6BB5341F59BE}.Release|x86.ActiveCfg = Release|Any CPU
		{FF766619-B9F8-4BD4-8BF5-6BB5341F59BE}.Release|x86.Build.0 = Release|Any CPU
		{FF766619-B9F8-4BD4-8BF5-6BB5341F59BE}.Release|x86.Deploy.0 = Release|Any CPU
		{C6C99574-6408-46D6-A994-A30C12504363}.Ad-Hoc|Any CPU.ActiveCfg = Ad-Hoc|iPhone
		{C6C99574-6408-46D6-A994-A30C12504363}.Ad-Hoc|Any CPU.Build.0 = Ad-Hoc|iPhone
		{C6C99574-6408-46D6-A994-A30C12504363}.Ad-Hoc|Any CPU.Deploy.0 = Ad-Hoc|iPhone
		{C6C99574-6408-46D6-A994-A30C12504363}.Ad-Hoc|ARM.ActiveCfg = Ad-Hoc|iPhone
		{C6C99574-6408-46D6-A994-A30C12504363}.Ad-Hoc|ARM.Build.0 = Ad-Hoc|iPhone
		{C6C99574-6408-46D6-A994-A30C12504363}.Ad-Hoc|ARM.Deploy.0 = Ad-Hoc|iPhone
		{C6C99574-6408-46D6-A994-A30C12504363}.Ad-Hoc|iPhone.ActiveCfg = Ad-Hoc|iPhone
		{C6C99574-6408-46D6-A994-A30C12504363}.Ad-Hoc|iPhone.Build.0 = Ad-Hoc|iPhone
		{C6C99574-6408-46D6-A994-A30C12504363}.Ad-Hoc|iPhone.Deploy.0 = Ad-Hoc|iPhone
		{C6C99574-6408-46D6-A994-A30C12504363}.Ad-Hoc|iPhoneSimulator.ActiveCfg = Ad-Hoc|iPhoneSimulator
		{C6C99574-6408-46D6-A994-A30C12504363}.Ad-Hoc|iPhoneSimulator.Build.0 = Ad-Hoc|iPhoneSimulator
		{C6C99574-6408-46D6-A994-A30C12504363}.Ad-Hoc|iPhoneSimulator.Deploy.0 = Ad-Hoc|iPhoneSimulator
		{C6C99574-6408-46D6-A994-A30C12504363}.Ad-Hoc|x64.ActiveCfg = Ad-Hoc|iPhone
		{C6C99574-6408-46D6-A994-A30C12504363}.Ad-Hoc|x64.Build.0 = Ad-Hoc|iPhone
		{C6C99574-6408-46D6-A994-A30C12504363}.Ad-Hoc|x64.Deploy.0 = Ad-Hoc|iPhone
		{C6C99574-6408-46D6-A994-A30C12504363}.Ad-Hoc|x86.ActiveCfg = Ad-Hoc|iPhone
		{C6C99574-6408-46D6-A994-A30C12504363}.Ad-Hoc|x86.Build.0 = Ad-Hoc|iPhone
		{C6C99574-6408-46D6-A994-A30C12504363}.Ad-Hoc|x86.Deploy.0 = Ad-Hoc|iPhone
		{C6C99574-6408-46D6-A994-A30C12504363}.AppStore|Any CPU.ActiveCfg = AppStore|iPhone
		{C6C99574-6408-46D6-A994-A30C12504363}.AppStore|Any CPU.Build.0 = AppStore|iPhone
		{C6C99574-6408-46D6-A994-A30C12504363}.AppStore|Any CPU.Deploy.0 = AppStore|iPhone
		{C6C99574-6408-46D6-A994-A30C12504363}.AppStore|ARM.ActiveCfg = AppStore|iPhone
		{C6C99574-6408-46D6-A994-A30C12504363}.AppStore|ARM.Build.0 = AppStore|iPhone
		{C6C99574-6408-46D6-A994-A30C12504363}.AppStore|ARM.Deploy.0 = AppStore|iPhone
		{C6C99574-6408-46D6-A994-A30C12504363}.AppStore|iPhone.ActiveCfg = AppStore|iPhone
		{C6C99574-6408-46D6-A994-A30C12504363}.AppStore|iPhone.Build.0 = AppStore|iPhone
		{C6C99574-6408-46D6-A994-A30C12504363}.AppStore|iPhone.Deploy.0 = AppStore|iPhone
		{C6C99574-6408-46D6-A994-A30C12504363}.AppStore|iPhoneSimulator.ActiveCfg = AppStore|iPhoneSimulator
		{C6C99574-6408-46D6-A994-A30C12504363}.AppStore|iPhoneSimulator.Build.0 = AppStore|iPhoneSimulator
		{C6C99574-6408-46D6-A994-A30C12504363}.AppStore|iPhoneSimulator.Deploy.0 = AppStore|iPhoneSimulator
		{C6C99574-6408-46D6-A994-A30C12504363}.AppStore|x64.ActiveCfg = AppStore|iPhone
		{C6C99574-6408-46D6-A994-A30C12504363}.AppStore|x64.Build.0 = AppStore|iPhone
		{C6C99574-6408-46D6-A994-A30C12504363}.AppStore|x64.Deploy.0 = AppStore|iPhone
		{C6C99574-6408-46D6-A994-A30C12504363}.AppStore|x86.ActiveCfg = AppStore|iPhone
		{C6C99574-6408-46D6-A994-A30C12504363}.AppStore|x86.Build.0 = AppStore|iPhone
		{C6C99574-6408-46D6-A994-A30C12504363}.AppStore|x86.Deploy.0 = AppStore|iPhone
		{C6C99574-6408-46D6-A994-A30C12504363}.Debug|Any CPU.ActiveCfg = Debug|iPhoneSimulator
		{C6C99574-6408-46D6-A994-A30C12504363}.Debug|Any CPU.Build.0 = Debug|iPhoneSimulator
		{C6C99574-6408-46D6-A994-A30C12504363}.Debug|Any CPU.Deploy.0 = Debug|iPhoneSimulator
		{C6C99574-6408-46D6-A994-A30C12504363}.Debug|ARM.ActiveCfg = Debug|iPhone
		{C6C99574-6408-46D6-A994-A30C12504363}.Debug|ARM.Build.0 = Debug|iPhone
		{C6C99574-6408-46D6-A994-A30C12504363}.Debug|ARM.Deploy.0 = Debug|iPhone
		{C6C99574-6408-46D6-A994-A30C12504363}.Debug|iPhone.ActiveCfg = Debug|iPhone
		{C6C99574-6408-46D6-A994-A30C12504363}.Debug|iPhone.Build.0 = Debug|iPhone
		{C6C99574-6408-46D6-A994-A30C12504363}.Debug|iPhone.Deploy.0 = Debug|iPhone
		{C6C99574-6408-46D6-A994-A30C12504363}.Debug|iPhoneSimulator.ActiveCfg = Debug|iPhoneSimulator
		{C6C99574-6408-46D6-A994-A30C12504363}.Debug|iPhoneSimulator.Build.0 = Debug|iPhoneSimulator
		{C6C99574-6408-46D6-A994-A30C12504363}.Debug|iPhoneSimulator.Deploy.0 = Debug|iPhoneSimulator
		{C6C99574-6408-46D6-A994-A30C12504363}.Debug|x64.ActiveCfg = Debug|iPhone
		{C6C99574-6408-46D6-A994-A30C12504363}.Debug|x64.Build.0 = Debug|iPhone
		{C6C99574-6408-46D6-A994-A30C12504363}.Debug|x64.Deploy.0 = Debug|iPhone
		{C6C99574-6408-46D6-A994-A30C12504363}.Debug|x86.ActiveCfg = Debug|iPhone
		{C6C99574-6408-46D6-A994-A30C12504363}.Debug|x86.Build.0 = Debug|iPhone
		{C6C99574-6408-46D6-A994-A30C12504363}.Debug|x86.Deploy.0 = Debug|iPhone
		{C6C99574-6408-46D6-A994-A30C12504363}.Release|Any CPU.ActiveCfg = Release|iPhone
		{C6C99574-6408-46D6-A994-A30C12504363}.Release|Any CPU.Build.0 = Release|iPhone
		{C6C99574-6408-46D6-A994-A30C12504363}.Release|Any CPU.Deploy.0 = Release|iPhone
		{C6C99574-6408-46D6-A994-A30C12504363}.Release|ARM.ActiveCfg = Release|iPhone
		{C6C99574-6408-46D6-A994-A30C12504363}.Release|ARM.Build.0 = Release|iPhone
		{C6C99574-6408-46D6-A994-A30C12504363}.Release|ARM.Deploy.0 = Release|iPhone
		{C6C99574-6408-46D6-A994-A30C12504363}.Release|iPhone.ActiveCfg = Release|iPhone
		{C6C99574-6408-46D6-A994-A30C12504363}.Release|iPhone.Build.0 = Release|iPhone
		{C6C99574-6408-46D6-A994-A30C12504363}.Release|iPhone.Deploy.0 = Release|iPhone
		{C6C99574-6408-46D6-A994-A30C12504363}.Release|iPhoneSimulator.ActiveCfg = Release|iPhoneSimulator
		{C6C99574-6408-46D6-A994-A30C12504363}.Release|iPhoneSimulator.Build.0 = Release|iPhoneSimulator
		{C6C99574-6408-46D6-A994-A30C12504363}.Release|iPhoneSimulator.Deploy.0 = Release|iPhoneSimulator
		{C6C99574-6408-46D6-A994-A30C12504363}.Release|x64.ActiveCfg = Release|iPhone
		{C6C99574-6408-46D6-A994-A30C12504363}.Release|x64.Build.0 = Release|iPhone
		{C6C99574-6408-46D6-A994-A30C12504363}.Release|x64.Deploy.0 = Release|iPhone
		{C6C99574-6408-46D6-A994-A30C12504363}.Release|x86.ActiveCfg = Release|iPhone
		{C6C99574-6408-46D6-A994-A30C12504363}.Release|x86.Build.0 = Release|iPhone
		{C6C99574-6408-46D6-A994-A30C12504363}.Release|x86.Deploy.0 = Release|iPhone
		{0D089B8C-3242-48A0-95C8-5D813BB5DB33}.Ad-Hoc|Any CPU.ActiveCfg = Release|x86
		{0D089B8C-3242-48A0-95C8-5D813BB5DB33}.Ad-Hoc|Any CPU.Build.0 = Release|x86
		{0D089B8C-3242-48A0-95C8-5D813BB5DB33}.Ad-Hoc|Any CPU.Deploy.0 = Release|x86
		{0D089B8C-3242-48A0-95C8-5D813BB5DB33}.Ad-Hoc|ARM.ActiveCfg = Release|ARM
		{0D089B8C-3242-48A0-95C8-5D813BB5DB33}.Ad-Hoc|ARM.Build.0 = Release|ARM
		{0D089B8C-3242-48A0-95C8-5D813BB5DB33}.Ad-Hoc|ARM.Deploy.0 = Release|ARM
		{0D089B8C-3242-48A0-95C8-5D813BB5DB33}.Ad-Hoc|iPhone.ActiveCfg = Release|x86
		{0D089B8C-3242-48A0-95C8-5D813BB5DB33}.Ad-Hoc|iPhone.Build.0 = Release|x86
		{0D089B8C-3242-48A0-95C8-5D813BB5DB33}.Ad-Hoc|iPhone.Deploy.0 = Release|x86
		{0D089B8C-3242-48A0-95C8-5D813BB5DB33}.Ad-Hoc|iPhoneSimulator.ActiveCfg = Release|x86
		{0D089B8C-3242-48A0-95C8-5D813BB5DB33}.Ad-Hoc|iPhoneSimulator.Build.0 = Release|x86
		{0D089B8C-3242-48A0-95C8-5D813BB5DB33}.Ad-Hoc|iPhoneSimulator.Deploy.0 = Release|x86
		{0D089B8C-3242-48A0-95C8-5D813BB5DB33}.Ad-Hoc|x64.ActiveCfg = Release|x64
		{0D089B8C-3242-48A0-95C8-5D813BB5DB33}.Ad-Hoc|x64.Build.0 = Release|x64
		{0D089B8C-3242-48A0-95C8-5D813BB5DB33}.Ad-Hoc|x64.Deploy.0 = Release|x64
		{0D089B8C-3242-48A0-95C8-5D813BB5DB33}.Ad-Hoc|x86.ActiveCfg = Release|x86
		{0D089B8C-3242-48A0-95C8-5D813BB5DB33}.Ad-Hoc|x86.Build.0 = Release|x86
		{0D089B8C-3242-48A0-95C8-5D813BB5DB33}.Ad-Hoc|x86.Deploy.0 = Release|x86
		{0D089B8C-3242-48A0-95C8-5D813BB5DB33}.AppStore|Any CPU.ActiveCfg = Release|x86
		{0D089B8C-3242-48A0-95C8-5D813BB5DB33}.AppStore|Any CPU.Build.0 = Release|x86
		{0D089B8C-3242-48A0-95C8-5D813BB5DB33}.AppStore|Any CPU.Deploy.0 = Release|x86
		{0D089B8C-3242-48A0-95C8-5D813BB5DB33}.AppStore|ARM.ActiveCfg = Release|ARM
		{0D089B8C-3242-48A0-95C8-5D813BB5DB33}.AppStore|ARM.Build.0 = Release|ARM
		{0D089B8C-3242-48A0-95C8-5D813BB5DB33}.AppStore|ARM.Deploy.0 = Release|ARM
		{0D089B8C-3242-48A0-95C8-5D813BB5DB33}.AppStore|iPhone.ActiveCfg = Release|x86
		{0D089B8C-3242-48A0-95C8-5D813BB5DB33}.AppStore|iPhone.Build.0 = Release|x86
		{0D089B8C-3242-48A0-95C8-5D813BB5DB33}.AppStore|iPhone.Deploy.0 = Release|x86
		{0D089B8C-3242-48A0-95C8-5D813BB5DB33}.AppStore|iPhoneSimulator.ActiveCfg = Release|x86
		{0D089B8C-3242-48A0-95C8-5D813BB5DB33}.AppStore|iPhoneSimulator.Build.0 = Release|x86
		{0D089B8C-3242-48A0-95C8-5D813BB5DB33}.AppStore|iPhoneSimulator.Deploy.0 = Release|x86
		{0D089B8C-3242-48A0-95C8-5D813BB5DB33}.AppStore|x64.ActiveCfg = Release|x64
		{0D089B8C-3242-48A0-95C8-5D813BB5DB33}.AppStore|x64.Build.0 = Release|x64
		{0D089B8C-3242-48A0-95C8-5D813BB5DB33}.AppStore|x64.Deploy.0 = Release|x64
		{0D089B8C-3242-48A0-95C8-5D813BB5DB33}.AppStore|x86.ActiveCfg = Release|x86
		{0D089B8C-3242-48A0-95C8-5D813BB5DB33}.AppStore|x86.Build.0 = Release|x86
		{0D089B8C-3242-48A0-95C8-5D813BB5DB33}.AppStore|x86.Deploy.0 = Release|x86
		{0D089B8C-3242-48A0-95C8-5D813BB5DB33}.Debug|Any CPU.ActiveCfg = Debug|x86
		{0D089B8C-3242-48A0-95C8-5D813BB5DB33}.Debug|Any CPU.Build.0 = Debug|x86
		{0D089B8C-3242-48A0-95C8-5D813BB5DB33}.Debug|Any CPU.Deploy.0 = Debug|x86
		{0D089B8C-3242-48A0-95C8-5D813BB5DB33}.Debug|ARM.ActiveCfg = Debug|ARM
		{0D089B8C-3242-48A0-95C8-5D813BB5DB33}.Debug|ARM.Build.0 = Debug|ARM
		{0D089B8C-3242-48A0-95C8-5D813BB5DB33}.Debug|ARM.Deploy.0 = Debug|ARM
		{0D089B8C-3242-48A0-95C8-5D813BB5DB33}.Debug|iPhone.ActiveCfg = Debug|x86
		{0D089B8C-3242-48A0-95C8-5D813BB5DB33}.Debug|iPhone.Build.0 = Debug|x86
		{0D089B8C-3242-48A0-95C8-5D813BB5DB33}.Debug|iPhone.Deploy.0 = Debug|x86
		{0D089B8C-3242-48A0-95C8-5D813BB5DB33}.Debug|iPhoneSimulator.ActiveCfg = Debug|x86
		{0D089B8C-3242-48A0-95C8-5D813BB5DB33}.Debug|iPhoneSimulator.Build.0 = Debug|x86
		{0D089B8C-3242-48A0-95C8-5D813BB5DB33}.Debug|iPhoneSimulator.Deploy.0 = Debug|x86
		{0D089B8C-3242-48A0-95C8-5D813BB5DB33}.Debug|x64.ActiveCfg = Debug|x64
		{0D089B8C-3242-48A0-95C8-5D813BB5DB33}.Debug|x64.Build.0 = Debug|x64
		{0D089B8C-3242-48A0-95C8-5D813BB5DB33}.Debug|x64.Deploy.0 = Debug|x64
		{0D089B8C-3242-48A0-95C8-5D813BB5DB33}.Debug|x86.ActiveCfg = Debug|x86
		{0D089B8C-3242-48A0-95C8-5D813BB5DB33}.Debug|x86.Build.0 = Debug|x86
		{0D089B8C-3242-48A0-95C8-5D813BB5DB33}.Debug|x86.Deploy.0 = Debug|x86
		{0D089B8C-3242-48A0-95C8-5D813BB5DB33}.Release|Any CPU.ActiveCfg = Release|x86
		{0D089B8C-3242-48A0-95C8-5D813BB5DB33}.Release|Any CPU.Build.0 = Release|x86
		{0D089B8C-3242-48A0-95C8-5D813BB5DB33}.Release|Any CPU.Deploy.0 = Release|x86
		{0D089B8C-3242-48A0-95C8-5D813BB5DB33}.Release|ARM.ActiveCfg = Release|ARM
		{0D089B8C-3242-48A0-95C8-5D813BB5DB33}.Release|ARM.Build.0 = Release|ARM
		{0D089B8C-3242-48A0-95C8-5D813BB5DB33}.Release|ARM.Deploy.0 = Release|ARM
		{0D089B8C-3242-48A0-95C8-5D813BB5DB33}.Release|iPhone.ActiveCfg = Release|x86
		{0D089B8C-3242-48A0-95C8-5D813BB5DB33}.Release|iPhone.Build.0 = Release|x86
		{0D089B8C-3242-48A0-95C8-5D813BB5DB33}.Release|iPhone.Deploy.0 = Release|x86
		{0D089B8C-3242-48A0-95C8-5D813BB5DB33}.Release|iPhoneSimulator.ActiveCfg = Release|x86
		{0D089B8C-3242-48A0-95C8-5D813BB5DB33}.Release|iPhoneSimulator.Build.0 = Release|x86
		{0D089B8C-3242-48A0-95C8-5D813BB5DB33}.Release|iPhoneSimulator.Deploy.0 = Release|x86
		{0D089B8C-3242-48A0-95C8-5D813BB5DB33}.Release|x64.ActiveCfg = Release|x64
		{0D089B8C-3242-48A0-95C8-5D813BB5DB33}.Release|x64.Build.0 = Release|x64
		{0D089B8C-3242-48A0-95C8-5D813BB5DB33}.Release|x64.Deploy.0 = Release|x64
		{0D089B8C-3242-48A0-95C8-5D813BB5DB33}.Release|x86.ActiveCfg = Release|x86
		{0D089B8C-3242-48A0-95C8-5D813BB5DB33}.Release|x86.Build.0 = Release|x86
		{0D089B8C-3242-48A0-95C8-5D813BB5DB33}.Release|x86.Deploy.0 = Release|x86
		{4B7D3F33-1F46-4F65-A80F-8D04853C58FC}.Ad-Hoc|Any CPU.ActiveCfg = Debug|Any CPU
		{4B7D3F33-1F46-4F65-A80F-8D04853C58FC}.Ad-Hoc|Any CPU.Build.0 = Debug|Any CPU
		{4B7D3F33-1F46-4F65-A80F-8D04853C58FC}.Ad-Hoc|Any CPU.Deploy.0 = Debug|Any CPU
		{4B7D3F33-1F46-4F65-A80F-8D04853C58FC}.Ad-Hoc|ARM.ActiveCfg = Debug|Any CPU
		{4B7D3F33-1F46-4F65-A80F-8D04853C58FC}.Ad-Hoc|ARM.Build.0 = Debug|Any CPU
		{4B7D3F33-1F46-4F65-A80F-8D04853C58FC}.Ad-Hoc|ARM.Deploy.0 = Debug|Any CPU
		{4B7D3F33-1F46-4F65-A80F-8D04853C58FC}.Ad-Hoc|iPhone.ActiveCfg = Debug|Any CPU
		{4B7D3F33-1F46-4F65-A80F-8D04853C58FC}.Ad-Hoc|iPhone.Build.0 = Debug|Any CPU
		{4B7D3F33-1F46-4F65-A80F-8D04853C58FC}.Ad-Hoc|iPhone.Deploy.0 = Debug|Any CPU
		{4B7D3F33-1F46-4F65-A80F-8D04853C58FC}.Ad-Hoc|iPhoneSimulator.ActiveCfg = Debug|Any CPU
		{4B7D3F33-1F46-4F65-A80F-8D04853C58FC}.Ad-Hoc|iPhoneSimulator.Build.0 = Debug|Any CPU
		{4B7D3F33-1F46-4F65-A80F-8D04853C58FC}.Ad-Hoc|iPhoneSimulator.Deploy.0 = Debug|Any CPU
		{4B7D3F33-1F46-4F65-A80F-8D04853C58FC}.Ad-Hoc|x64.ActiveCfg = Debug|Any CPU
		{4B7D3F33-1F46-4F65-A80F-8D04853C58FC}.Ad-Hoc|x64.Build.0 = Debug|Any CPU
		{4B7D3F33-1F46-4F65-A80F-8D04853C58FC}.Ad-Hoc|x64.Deploy.0 = Debug|Any CPU
		{4B7D3F33-1F46-4F65-A80F-8D04853C58FC}.Ad-Hoc|x86.ActiveCfg = Debug|Any CPU
		{4B7D3F33-1F46-4F65-A80F-8D04853C58FC}.Ad-Hoc|x86.Build.0 = Debug|Any CPU
		{4B7D3F33-1F46-4F65-A80F-8D04853C58FC}.Ad-Hoc|x86.Deploy.0 = Debug|Any CPU
		{4B7D3F33-1F46-4F65-A80F-8D04853C58FC}.AppStore|Any CPU.ActiveCfg = Debug|Any CPU
		{4B7D3F33-1F46-4F65-A80F-8D04853C58FC}.AppStore|Any CPU.Build.0 = Debug|Any CPU
		{4B7D3F33-1F46-4F65-A80F-8D04853C58FC}.AppStore|Any CPU.Deploy.0 = Debug|Any CPU
		{4B7D3F33-1F46-4F65-A80F-8D04853C58FC}.AppStore|ARM.ActiveCfg = Debug|Any CPU
		{4B7D3F33-1F46-4F65-A80F-8D04853C58FC}.AppStore|ARM.Build.0 = Debug|Any CPU
		{4B7D3F33-1F46-4F65-A80F-8D04853C58FC}.AppStore|ARM.Deploy.0 = Debug|Any CPU
		{4B7D3F33-1F46-4F65-A80F-8D04853C58FC}.AppStore|iPhone.ActiveCfg = Debug|Any CPU
		{4B7D3F33-1F46-4F65-A80F-8D04853C58FC}.AppStore|iPhone.Build.0 = Debug|Any CPU
		{4B7D3F33-1F46-4F65-A80F-8D04853C58FC}.AppStore|iPhone.Deploy.0 = Debug|Any CPU
		{4B7D3F33-1F46-4F65-A80F-8D04853C58FC}.AppStore|iPhoneSimulator.ActiveCfg = Debug|Any CPU
		{4B7D3F33-1F46-4F65-A80F-8D04853C58FC}.AppStore|iPhoneSimulator.Build.0 = Debug|Any CPU
		{4B7D3F33-1F46-4F65-A80F-8D04853C58FC}.AppStore|iPhoneSimulator.Deploy.0 = Debug|Any CPU
		{4B7D3F33-1F46-4F65-A80F-8D04853C58FC}.AppStore|x64.ActiveCfg = Debug|Any CPU
		{4B7D3F33-1F46-4F65-A80F-8D04853C58FC}.AppStore|x64.Build.0 = Debug|Any CPU
		{4B7D3F33-1F46-4F65-A80F-8D04853C58FC}.AppStore|x64.Deploy.0 = Debug|Any CPU
		{4B7D3F33-1F46-4F65-A80F-8D04853C58FC}.AppStore|x86.ActiveCfg = Debug|Any CPU
		{4B7D3F33-1F46-4F65-A80F-8D04853C58FC}.AppStore|x86.Build.0 = Debug|Any CPU
		{4B7D3F33-1F46-4F65-A80F-8D04853C58FC}.AppStore|x86.Deploy.0 = Debug|Any CPU
		{4B7D3F33-1F46-4F65-A80F-8D04853C58FC}.Debug|Any CPU.ActiveCfg = Debug|Any CPU
		{4B7D3F33-1F46-4F65-A80F-8D04853C58FC}.Debug|Any CPU.Build.0 = Debug|Any CPU
		{4B7D3F33-1F46-4F65-A80F-8D04853C58FC}.Debug|Any CPU.Deploy.0 = Debug|Any CPU
		{4B7D3F33-1F46-4F65-A80F-8D04853C58FC}.Debug|ARM.ActiveCfg = Debug|Any CPU
		{4B7D3F33-1F46-4F65-A80F-8D04853C58FC}.Debug|ARM.Build.0 = Debug|Any CPU
		{4B7D3F33-1F46-4F65-A80F-8D04853C58FC}.Debug|ARM.Deploy.0 = Debug|Any CPU
		{4B7D3F33-1F46-4F65-A80F-8D04853C58FC}.Debug|iPhone.ActiveCfg = Debug|Any CPU
		{4B7D3F33-1F46-4F65-A80F-8D04853C58FC}.Debug|iPhone.Build.0 = Debug|Any CPU
		{4B7D3F33-1F46-4F65-A80F-8D04853C58FC}.Debug|iPhone.Deploy.0 = Debug|Any CPU
		{4B7D3F33-1F46-4F65-A80F-8D04853C58FC}.Debug|iPhoneSimulator.ActiveCfg = Debug|Any CPU
		{4B7D3F33-1F46-4F65-A80F-8D04853C58FC}.Debug|iPhoneSimulator.Build.0 = Debug|Any CPU
		{4B7D3F33-1F46-4F65-A80F-8D04853C58FC}.Debug|iPhoneSimulator.Deploy.0 = Debug|Any CPU
		{4B7D3F33-1F46-4F65-A80F-8D04853C58FC}.Debug|x64.ActiveCfg = Debug|Any CPU
		{4B7D3F33-1F46-4F65-A80F-8D04853C58FC}.Debug|x64.Build.0 = Debug|Any CPU
		{4B7D3F33-1F46-4F65-A80F-8D04853C58FC}.Debug|x64.Deploy.0 = Debug|Any CPU
		{4B7D3F33-1F46-4F65-A80F-8D04853C58FC}.Debug|x86.ActiveCfg = Debug|Any CPU
		{4B7D3F33-1F46-4F65-A80F-8D04853C58FC}.Debug|x86.Build.0 = Debug|Any CPU
		{4B7D3F33-1F46-4F65-A80F-8D04853C58FC}.Debug|x86.Deploy.0 = Debug|Any CPU
		{4B7D3F33-1F46-4F65-A80F-8D04853C58FC}.Release|Any CPU.ActiveCfg = Release|Any CPU
		{4B7D3F33-1F46-4F65-A80F-8D04853C58FC}.Release|Any CPU.Build.0 = Release|Any CPU
		{4B7D3F33-1F46-4F65-A80F-8D04853C58FC}.Release|Any CPU.Deploy.0 = Release|Any CPU
		{4B7D3F33-1F46-4F65-A80F-8D04853C58FC}.Release|ARM.ActiveCfg = Release|Any CPU
		{4B7D3F33-1F46-4F65-A80F-8D04853C58FC}.Release|ARM.Build.0 = Release|Any CPU
		{4B7D3F33-1F46-4F65-A80F-8D04853C58FC}.Release|ARM.Deploy.0 = Release|Any CPU
		{4B7D3F33-1F46-4F65-A80F-8D04853C58FC}.Release|iPhone.ActiveCfg = Release|Any CPU
		{4B7D3F33-1F46-4F65-A80F-8D04853C58FC}.Release|iPhone.Build.0 = Release|Any CPU
		{4B7D3F33-1F46-4F65-A80F-8D04853C58FC}.Release|iPhone.Deploy.0 = Release|Any CPU
		{4B7D3F33-1F46-4F65-A80F-8D04853C58FC}.Release|iPhoneSimulator.ActiveCfg = Release|Any CPU
		{4B7D3F33-1F46-4F65-A80F-8D04853C58FC}.Release|iPhoneSimulator.Build.0 = Release|Any CPU
		{4B7D3F33-1F46-4F65-A80F-8D04853C58FC}.Release|iPhoneSimulator.Deploy.0 = Release|Any CPU
		{4B7D3F33-1F46-4F65-A80F-8D04853C58FC}.Release|x64.ActiveCfg = Release|Any CPU
		{4B7D3F33-1F46-4F65-A80F-8D04853C58FC}.Release|x64.Build.0 = Release|Any CPU
		{4B7D3F33-1F46-4F65-A80F-8D04853C58FC}.Release|x64.Deploy.0 = Release|Any CPU
		{4B7D3F33-1F46-4F65-A80F-8D04853C58FC}.Release|x86.ActiveCfg = Release|Any CPU
		{4B7D3F33-1F46-4F65-A80F-8D04853C58FC}.Release|x86.Build.0 = Release|Any CPU
		{4B7D3F33-1F46-4F65-A80F-8D04853C58FC}.Release|x86.Deploy.0 = Release|Any CPU
	EndGlobalSection
	GlobalSection(SolutionProperties) = preSolution
		HideSolutionNode = FALSE
	EndGlobalSection
	GlobalSection(ExtensibilityGlobals) = postSolution
		SolutionGuid = {B8922050-BC69-47DB-B325-92823514C6EA}
	EndGlobalSection
EndGlobal
